
Microsoft Visual Studio Solution File, Format Version 12.00
# Visual Studio 2013
VisualStudioVersion = 12.0.30723.0
MinimumVisualStudioVersion = 10.0.40219.1
Project("{FAE04EC0-301F-11D3-BF4B-00C04F79EFBC}") = "SmartDevice", "SmartDevice\SmartDevice.csproj", "{F213B1FD-3F2A-4307-8914-08A143718139}"
EndProject
Project("{FAE04EC0-301F-11D3-BF4B-00C04F79EFBC}") = "LuxxusSmartLampTest", "LuxxusSmartLampTester\LuxxusSmartLampTest.csproj", "{7A4CEE29-A4EA-42BD-9DF0-3C765AC3985A}"
EndProject
Project("{FAE04EC0-301F-11D3-BF4B-00C04F79EFBC}") = "SmartTvBoxTester", "SmartTvBoxTester\SmartTvBoxTester.csproj", "{5ED1EF7B-D50F-454A-928F-F9F3A5F0D583}"
EndProject
Project("{2150E333-8FDC-42A3-9474-1A3956D46DE8}") = "Testers", "Testers", "{FC5447D6-DE35-476C-BE27-E0C55445927D}"
EndProject
Global
	GlobalSection(SolutionConfigurationPlatforms) = preSolution
		Debug|Any CPU = Debug|Any CPU
		Release|Any CPU = Release|Any CPU
	EndGlobalSection
	GlobalSection(ProjectConfigurationPlatforms) = postSolution
		{F213B1FD-3F2A-4307-8914-08A143718139}.Debug|Any CPU.ActiveCfg = Debug|Any CPU
		{F213B1FD-3F2A-4307-8914-08A143718139}.Debug|Any CPU.Build.0 = Debug|Any CPU
		{F213B1FD-3F2A-4307-8914-08A143718139}.Release|Any CPU.ActiveCfg = Release|Any CPU
		{F213B1FD-3F2A-4307-8914-08A143718139}.Release|Any CPU.Build.0 = Release|Any CPU
		{7A4CEE29-A4EA-42BD-9DF0-3C765AC3985A}.Debug|Any CPU.ActiveCfg = Debug|Any CPU
		{7A4CEE29-A4EA-42BD-9DF0-3C765AC3985A}.Debug|Any CPU.Build.0 = Debug|Any CPU
		{7A4CEE29-A4EA-42BD-9DF0-3C765AC3985A}.Release|Any CPU.ActiveCfg = Release|Any CPU
		{7A4CEE29-A4EA-42BD-9DF0-3C765AC3985A}.Release|Any CPU.Build.0 = Release|Any CPU
		{5ED1EF7B-D50F-454A-928F-F9F3A5F0D583}.Debug|Any CPU.ActiveCfg = Debug|Any CPU
		{5ED1EF7B-D50F-454A-928F-F9F3A5F0D583}.Debug|Any CPU.Build.0 = Debug|Any CPU
		{5ED1EF7B-D50F-454A-928F-F9F3A5F0D583}.Release|Any CPU.ActiveCfg = Release|Any CPU
		{5ED1EF7B-D50F-454A-928F-F9F3A5F0D583}.Release|Any CPU.Build.0 = Release|Any CPU
	EndGlobalSection
	GlobalSection(SolutionProperties) = preSolution
		HideSolutionNode = FALSE
	EndGlobalSection
	GlobalSection(NestedProjects) = preSolution
		{7A4CEE29-A4EA-42BD-9DF0-3C765AC3985A} = {FC5447D6-DE35-476C-BE27-E0C55445927D}
		{5ED1EF7B-D50F-454A-928F-F9F3A5F0D583} = {FC5447D6-DE35-476C-BE27-E0C55445927D}
	EndGlobalSection
EndGlobal
